
Microsoft Visual Studio Solution File, Format Version 12.00
# Visual Studio Version 17
VisualStudioVersion = 17.5.33516.290
MinimumVisualStudioVersion = 10.0.40219.1
Project("{2150E333-8FDC-42A3-9474-1A3956D46DE8}") = "Core", "Core", "{71D366F8-EC64-4EDF-9D08-8213F4C77EE0}"
EndProject
Project("{9A19103F-16F7-4668-BE54-9A1E7A4F7556}") = "Application", "src\Application\Application.csproj", "{A5F7B9B2-6BFE-4FB8-9F9D-3CBB559F57A7}"
EndProject
Project("{2150E333-8FDC-42A3-9474-1A3956D46DE8}") = "Infrastructure", "Infrastructure", "{BF763A0D-0B85-4487-B41B-BFC9E7401D83}"
EndProject
Project("{9A19103F-16F7-4668-BE54-9A1E7A4F7556}") = "Infrastructure.SemanticKernel", "src\Infrastructure.SemanticKernel\Infrastructure.SemanticKernel.csproj", "{6E299DEC-3A1D-4525-B043-05CD89AEE67B}"
EndProject
Project("{9A19103F-16F7-4668-BE54-9A1E7A4F7556}") = "Infrastructure.Data.SqlServer", "src\Infrastructure.Data.SqlServer\Infrastructure.Data.SqlServer.csproj", "{CD8CE0A9-0152-48F8-9034-17855A0BB4A9}"
EndProject
Project("{9A19103F-16F7-4668-BE54-9A1E7A4F7556}") = "Infrastructure.YouTube", "src\Infrastructure.YouTube\Infrastructure.YouTube.csproj", "{4D3C829C-2B96-4D13-BD40-C08194647EEA}"
EndProject
Project("{2150E333-8FDC-42A3-9474-1A3956D46DE8}") = "Presentation", "Presentation", "{C354FC42-1916-406F-B2AC-7604C423A028}"
EndProject
Project("{2150E333-8FDC-42A3-9474-1A3956D46DE8}") = "Tests", "Tests", "{001657B2-5F63-469D-A6D4-873ECAD4F908}"
EndProject
Project("{9A19103F-16F7-4668-BE54-9A1E7A4F7556}") = "Application.Tests", "tests\Application.Tests\Application.Tests.csproj", "{8ED54D7E-C2CC-4B49-9497-F3174699BF29}"
EndProject
Project("{9A19103F-16F7-4668-BE54-9A1E7A4F7556}") = "VideomaticWebAPI", "src\VideomaticWebAPI\VideomaticWebAPI.csproj", "{1753EB30-9EAA-4FC2-A9F2-5CC729079D69}"
EndProject
Project("{9A19103F-16F7-4668-BE54-9A1E7A4F7556}") = "Infrastructure.Data", "src\Infrastructure.Data\Infrastructure.Data.csproj", "{D2F096ED-A318-47D9-BBE3-7B8A1F7C6B3A}"
EndProject
Project("{9A19103F-16F7-4668-BE54-9A1E7A4F7556}") = "Infrastructure.AzureSpeech", "src\Infrastructure.AzureSpeech\Infrastructure.AzureSpeech.csproj", "{C4D42D9F-CA05-4639-89FE-D961BB9D66B3}"
EndProject
Project("{9A19103F-16F7-4668-BE54-9A1E7A4F7556}") = "Domain", "src\Domain\Domain.csproj", "{0F4F05C4-3684-4C16-A0AF-EC2C553CD707}"
EndProject
Project("{9A19103F-16F7-4668-BE54-9A1E7A4F7556}") = "Domain.Tests", "tests\Domain.Tests\Domain.Tests.csproj", "{702FEA3D-2F40-4EDD-B9D4-1C7F8BD60A13}"
EndProject
Project("{2150E333-8FDC-42A3-9474-1A3956D46DE8}") = "Artifacts", "Artifacts", "{E795DFD9-32D7-457C-B4FC-2187DE4CD935}"
	ProjectSection(SolutionItems) = preProject
		.gitignore = .gitignore
		Directory.Build.props = Directory.Build.props
		Done.txt = Done.txt
		LICENSE = LICENSE
		Notes.txt = Notes.txt
		README.md = README.md
		TODOs.txt = TODOs.txt
	EndProjectSection
EndProject
Project("{9A19103F-16F7-4668-BE54-9A1E7A4F7556}") = "SharedKernel", "src\SharedKernel\SharedKernel.csproj", "{2BDAE705-DF58-4219-A6AB-14CCCA0BF89A}"
EndProject
Project("{9A19103F-16F7-4668-BE54-9A1E7A4F7556}") = "Infrastructure.Tests", "tests\Infrastructure.Tests\Infrastructure.Tests.csproj", "{7C1D3050-1AD5-45CF-B680-3DEC0419165C}"
EndProject
Project("{9A19103F-16F7-4668-BE54-9A1E7A4F7556}") = "VideomaticRadzen", "src\VideomaticRadzen\VideomaticRadzen.csproj", "{2C751512-478C-4A04-A814-954D5AF2C523}"
EndProject
Global
	GlobalSection(SolutionConfigurationPlatforms) = preSolution
		Debug|Any CPU = Debug|Any CPU
		Release|Any CPU = Release|Any CPU
	EndGlobalSection
	GlobalSection(ProjectConfigurationPlatforms) = postSolution
		{A5F7B9B2-6BFE-4FB8-9F9D-3CBB559F57A7}.Debug|Any CPU.ActiveCfg = Debug|Any CPU
		{A5F7B9B2-6BFE-4FB8-9F9D-3CBB559F57A7}.Debug|Any CPU.Build.0 = Debug|Any CPU
		{A5F7B9B2-6BFE-4FB8-9F9D-3CBB559F57A7}.Release|Any CPU.ActiveCfg = Release|Any CPU
		{A5F7B9B2-6BFE-4FB8-9F9D-3CBB559F57A7}.Release|Any CPU.Build.0 = Release|Any CPU
		{6E299DEC-3A1D-4525-B043-05CD89AEE67B}.Debug|Any CPU.ActiveCfg = Debug|Any CPU
		{6E299DEC-3A1D-4525-B043-05CD89AEE67B}.Debug|Any CPU.Build.0 = Debug|Any CPU
		{6E299DEC-3A1D-4525-B043-05CD89AEE67B}.Release|Any CPU.ActiveCfg = Release|Any CPU
		{6E299DEC-3A1D-4525-B043-05CD89AEE67B}.Release|Any CPU.Build.0 = Release|Any CPU
		{CD8CE0A9-0152-48F8-9034-17855A0BB4A9}.Debug|Any CPU.ActiveCfg = Debug|Any CPU
		{CD8CE0A9-0152-48F8-9034-17855A0BB4A9}.Debug|Any CPU.Build.0 = Debug|Any CPU
		{CD8CE0A9-0152-48F8-9034-17855A0BB4A9}.Release|Any CPU.ActiveCfg = Release|Any CPU
		{CD8CE0A9-0152-48F8-9034-17855A0BB4A9}.Release|Any CPU.Build.0 = Release|Any CPU
		{4D3C829C-2B96-4D13-BD40-C08194647EEA}.Debug|Any CPU.ActiveCfg = Debug|Any CPU
		{4D3C829C-2B96-4D13-BD40-C08194647EEA}.Debug|Any CPU.Build.0 = Debug|Any CPU
		{4D3C829C-2B96-4D13-BD40-C08194647EEA}.Release|Any CPU.ActiveCfg = Release|Any CPU
		{4D3C829C-2B96-4D13-BD40-C08194647EEA}.Release|Any CPU.Build.0 = Release|Any CPU
		{8ED54D7E-C2CC-4B49-9497-F3174699BF29}.Debug|Any CPU.ActiveCfg = Debug|Any CPU
		{8ED54D7E-C2CC-4B49-9497-F3174699BF29}.Debug|Any CPU.Build.0 = Debug|Any CPU
		{8ED54D7E-C2CC-4B49-9497-F3174699BF29}.Release|Any CPU.ActiveCfg = Release|Any CPU
		{8ED54D7E-C2CC-4B49-9497-F3174699BF29}.Release|Any CPU.Build.0 = Release|Any CPU
		{1753EB30-9EAA-4FC2-A9F2-5CC729079D69}.Debug|Any CPU.ActiveCfg = Debug|Any CPU
		{1753EB30-9EAA-4FC2-A9F2-5CC729079D69}.Debug|Any CPU.Build.0 = Debug|Any CPU
		{1753EB30-9EAA-4FC2-A9F2-5CC729079D69}.Release|Any CPU.ActiveCfg = Release|Any CPU
		{1753EB30-9EAA-4FC2-A9F2-5CC729079D69}.Release|Any CPU.Build.0 = Release|Any CPU
		{D2F096ED-A318-47D9-BBE3-7B8A1F7C6B3A}.Debug|Any CPU.ActiveCfg = Debug|Any CPU
		{D2F096ED-A318-47D9-BBE3-7B8A1F7C6B3A}.Debug|Any CPU.Build.0 = Debug|Any CPU
		{D2F096ED-A318-47D9-BBE3-7B8A1F7C6B3A}.Release|Any CPU.ActiveCfg = Release|Any CPU
		{D2F096ED-A318-47D9-BBE3-7B8A1F7C6B3A}.Release|Any CPU.Build.0 = Release|Any CPU
		{C4D42D9F-CA05-4639-89FE-D961BB9D66B3}.Debug|Any CPU.ActiveCfg = Debug|Any CPU
		{C4D42D9F-CA05-4639-89FE-D961BB9D66B3}.Debug|Any CPU.Build.0 = Debug|Any CPU
		{C4D42D9F-CA05-4639-89FE-D961BB9D66B3}.Release|Any CPU.ActiveCfg = Release|Any CPU
		{C4D42D9F-CA05-4639-89FE-D961BB9D66B3}.Release|Any CPU.Build.0 = Release|Any CPU
		{0F4F05C4-3684-4C16-A0AF-EC2C553CD707}.Debug|Any CPU.ActiveCfg = Debug|Any CPU
		{0F4F05C4-3684-4C16-A0AF-EC2C553CD707}.Debug|Any CPU.Build.0 = Debug|Any CPU
		{0F4F05C4-3684-4C16-A0AF-EC2C553CD707}.Release|Any CPU.ActiveCfg = Release|Any CPU
		{0F4F05C4-3684-4C16-A0AF-EC2C553CD707}.Release|Any CPU.Build.0 = Release|Any CPU
		{702FEA3D-2F40-4EDD-B9D4-1C7F8BD60A13}.Debug|Any CPU.ActiveCfg = Debug|Any CPU
		{702FEA3D-2F40-4EDD-B9D4-1C7F8BD60A13}.Debug|Any CPU.Build.0 = Debug|Any CPU
		{702FEA3D-2F40-4EDD-B9D4-1C7F8BD60A13}.Release|Any CPU.ActiveCfg = Release|Any CPU
		{702FEA3D-2F40-4EDD-B9D4-1C7F8BD60A13}.Release|Any CPU.Build.0 = Release|Any CPU
		{2BDAE705-DF58-4219-A6AB-14CCCA0BF89A}.Debug|Any CPU.ActiveCfg = Debug|Any CPU
		{2BDAE705-DF58-4219-A6AB-14CCCA0BF89A}.Debug|Any CPU.Build.0 = Debug|Any CPU
		{2BDAE705-DF58-4219-A6AB-14CCCA0BF89A}.Release|Any CPU.ActiveCfg = Release|Any CPU
		{2BDAE705-DF58-4219-A6AB-14CCCA0BF89A}.Release|Any CPU.Build.0 = Release|Any CPU
		{7C1D3050-1AD5-45CF-B680-3DEC0419165C}.Debug|Any CPU.ActiveCfg = Debug|Any CPU
		{7C1D3050-1AD5-45CF-B680-3DEC0419165C}.Debug|Any CPU.Build.0 = Debug|Any CPU
		{7C1D3050-1AD5-45CF-B680-3DEC0419165C}.Release|Any CPU.ActiveCfg = Release|Any CPU
		{7C1D3050-1AD5-45CF-B680-3DEC0419165C}.Release|Any CPU.Build.0 = Release|Any CPU
		{2C751512-478C-4A04-A814-954D5AF2C523}.Debug|Any CPU.ActiveCfg = Debug|Any CPU
		{2C751512-478C-4A04-A814-954D5AF2C523}.Debug|Any CPU.Build.0 = Debug|Any CPU
		{2C751512-478C-4A04-A814-954D5AF2C523}.Release|Any CPU.ActiveCfg = Release|Any CPU
		{2C751512-478C-4A04-A814-954D5AF2C523}.Release|Any CPU.Build.0 = Release|Any CPU
	EndGlobalSection
	GlobalSection(SolutionProperties) = preSolution
		HideSolutionNode = FALSE
	EndGlobalSection
	GlobalSection(NestedProjects) = preSolution
		{A5F7B9B2-6BFE-4FB8-9F9D-3CBB559F57A7} = {71D366F8-EC64-4EDF-9D08-8213F4C77EE0}
		{6E299DEC-3A1D-4525-B043-05CD89AEE67B} = {BF763A0D-0B85-4487-B41B-BFC9E7401D83}
		{CD8CE0A9-0152-48F8-9034-17855A0BB4A9} = {BF763A0D-0B85-4487-B41B-BFC9E7401D83}
		{4D3C829C-2B96-4D13-BD40-C08194647EEA} = {BF763A0D-0B85-4487-B41B-BFC9E7401D83}
		{8ED54D7E-C2CC-4B49-9497-F3174699BF29} = {001657B2-5F63-469D-A6D4-873ECAD4F908}
		{1753EB30-9EAA-4FC2-A9F2-5CC729079D69} = {C354FC42-1916-406F-B2AC-7604C423A028}
		{D2F096ED-A318-47D9-BBE3-7B8A1F7C6B3A} = {BF763A0D-0B85-4487-B41B-BFC9E7401D83}
		{C4D42D9F-CA05-4639-89FE-D961BB9D66B3} = {BF763A0D-0B85-4487-B41B-BFC9E7401D83}
		{0F4F05C4-3684-4C16-A0AF-EC2C553CD707} = {71D366F8-EC64-4EDF-9D08-8213F4C77EE0}
		{702FEA3D-2F40-4EDD-B9D4-1C7F8BD60A13} = {001657B2-5F63-469D-A6D4-873ECAD4F908}
		{2BDAE705-DF58-4219-A6AB-14CCCA0BF89A} = {71D366F8-EC64-4EDF-9D08-8213F4C77EE0}
		{7C1D3050-1AD5-45CF-B680-3DEC0419165C} = {001657B2-5F63-469D-A6D4-873ECAD4F908}
		{2C751512-478C-4A04-A814-954D5AF2C523} = {C354FC42-1916-406F-B2AC-7604C423A028}
	EndGlobalSection
	GlobalSection(ExtensibilityGlobals) = postSolution
		SolutionGuid = {E192C603-AC60-4B00-B557-0378BBFD7A0A}
	EndGlobalSection
EndGlobal
